// !$*UTF8*$!
{
	archiveVersion = 1;
	classes = {
	};
	objectVersion = 55;
	objects = {

/* Begin PBXBuildFile section */
		243C5F7B3C74CAA5A9EAB2A1 /* Pods_TestUPAX.framework in Frameworks */ = {isa = PBXBuildFile; fileRef = 1A7A0630038F7F84A4083493 /* Pods_TestUPAX.framework */; };
		F20D43AF29560A4C00FBDDF3 /* AppDelegate.swift in Sources */ = {isa = PBXBuildFile; fileRef = F20D43AE29560A4C00FBDDF3 /* AppDelegate.swift */; };
		F20D43B829560A4E00FBDDF3 /* Assets.xcassets in Resources */ = {isa = PBXBuildFile; fileRef = F20D43B729560A4E00FBDDF3 /* Assets.xcassets */; };
		F20D43BB29560A4E00FBDDF3 /* LaunchScreen.storyboard in Resources */ = {isa = PBXBuildFile; fileRef = F20D43B929560A4E00FBDDF3 /* LaunchScreen.storyboard */; };
		F20D43CB29560A9200FBDDF3 /* HomePresenter.swift in Sources */ = {isa = PBXBuildFile; fileRef = F20D43C529560A9200FBDDF3 /* HomePresenter.swift */; };
		F20D43CC29560A9200FBDDF3 /* HomeRouter.swift in Sources */ = {isa = PBXBuildFile; fileRef = F20D43C629560A9200FBDDF3 /* HomeRouter.swift */; };
		F20D43CD29560A9200FBDDF3 /* HomeInteractor.swift in Sources */ = {isa = PBXBuildFile; fileRef = F20D43C729560A9200FBDDF3 /* HomeInteractor.swift */; };
		F20D43CE29560A9200FBDDF3 /* HomeProtocol.swift in Sources */ = {isa = PBXBuildFile; fileRef = F20D43C829560A9200FBDDF3 /* HomeProtocol.swift */; };
		F20D43CF29560A9200FBDDF3 /* HomeVC.swift in Sources */ = {isa = PBXBuildFile; fileRef = F20D43C929560A9200FBDDF3 /* HomeVC.swift */; };
		F2B7478E29561E1D000F5DB5 /* UIView.swift in Sources */ = {isa = PBXBuildFile; fileRef = F2B7478D29561E1D000F5DB5 /* UIView.swift */; };
		F2B7479729562804000F5DB5 /* RegisterPresenter.swift in Sources */ = {isa = PBXBuildFile; fileRef = F2B7479129562804000F5DB5 /* RegisterPresenter.swift */; };
		F2B7479829562804000F5DB5 /* RegisterRouter.swift in Sources */ = {isa = PBXBuildFile; fileRef = F2B7479229562804000F5DB5 /* RegisterRouter.swift */; };
		F2B7479929562804000F5DB5 /* RegisterInteractor.swift in Sources */ = {isa = PBXBuildFile; fileRef = F2B7479329562804000F5DB5 /* RegisterInteractor.swift */; };
		F2B7479A29562804000F5DB5 /* RegisterProtocol.swift in Sources */ = {isa = PBXBuildFile; fileRef = F2B7479429562804000F5DB5 /* RegisterProtocol.swift */; };
		F2B7479B29562804000F5DB5 /* RegisterVC.swift in Sources */ = {isa = PBXBuildFile; fileRef = F2B7479529562804000F5DB5 /* RegisterVC.swift */; };
		F2B7479D29562980000F5DB5 /* RegisterEntity.swift in Sources */ = {isa = PBXBuildFile; fileRef = F2B7479C29562980000F5DB5 /* RegisterEntity.swift */; };
		F2B747A029562BEA000F5DB5 /* Constants.swift in Sources */ = {isa = PBXBuildFile; fileRef = F2B7479F29562BEA000F5DB5 /* Constants.swift */; };
		F2B747A329562E27000F5DB5 /* BaseController.swift in Sources */ = {isa = PBXBuildFile; fileRef = F2B747A229562E27000F5DB5 /* BaseController.swift */; };
		F2B747A629562E64000F5DB5 /* ProgressViewCustom.swift in Sources */ = {isa = PBXBuildFile; fileRef = F2B747A529562E64000F5DB5 /* ProgressViewCustom.swift */; };
/* End PBXBuildFile section */

/* Begin PBXFileReference section */
		1A7A0630038F7F84A4083493 /* Pods_TestUPAX.framework */ = {isa = PBXFileReference; explicitFileType = wrapper.framework; includeInIndex = 0; path = Pods_TestUPAX.framework; sourceTree = BUILT_PRODUCTS_DIR; };
		25C36D0036FAC7550BF8879D /* Pods-TestUPAX.debug.xcconfig */ = {isa = PBXFileReference; includeInIndex = 1; lastKnownFileType = text.xcconfig; name = "Pods-TestUPAX.debug.xcconfig"; path = "Target Support Files/Pods-TestUPAX/Pods-TestUPAX.debug.xcconfig"; sourceTree = "<group>"; };
		EF13B413E1DCE3502ECA0C34 /* Pods-TestUPAX.release.xcconfig */ = {isa = PBXFileReference; includeInIndex = 1; lastKnownFileType = text.xcconfig; name = "Pods-TestUPAX.release.xcconfig"; path = "Target Support Files/Pods-TestUPAX/Pods-TestUPAX.release.xcconfig"; sourceTree = "<group>"; };
		F20D43AB29560A4C00FBDDF3 /* TestUPAX.app */ = {isa = PBXFileReference; explicitFileType = wrapper.application; includeInIndex = 0; path = TestUPAX.app; sourceTree = BUILT_PRODUCTS_DIR; };
		F20D43AE29560A4C00FBDDF3 /* AppDelegate.swift */ = {isa = PBXFileReference; lastKnownFileType = sourcecode.swift; path = AppDelegate.swift; sourceTree = "<group>"; };
		F20D43B729560A4E00FBDDF3 /* Assets.xcassets */ = {isa = PBXFileReference; lastKnownFileType = folder.assetcatalog; path = Assets.xcassets; sourceTree = "<group>"; };
		F20D43BA29560A4E00FBDDF3 /* Base */ = {isa = PBXFileReference; lastKnownFileType = file.storyboard; name = Base; path = Base.lproj/LaunchScreen.storyboard; sourceTree = "<group>"; };
		F20D43BC29560A4E00FBDDF3 /* Info.plist */ = {isa = PBXFileReference; lastKnownFileType = text.plist.xml; path = Info.plist; sourceTree = "<group>"; };
		F20D43C529560A9200FBDDF3 /* HomePresenter.swift */ = {isa = PBXFileReference; lastKnownFileType = sourcecode.swift; path = HomePresenter.swift; sourceTree = "<group>"; };
		F20D43C629560A9200FBDDF3 /* HomeRouter.swift */ = {isa = PBXFileReference; lastKnownFileType = sourcecode.swift; path = HomeRouter.swift; sourceTree = "<group>"; };
		F20D43C729560A9200FBDDF3 /* HomeInteractor.swift */ = {isa = PBXFileReference; lastKnownFileType = sourcecode.swift; path = HomeInteractor.swift; sourceTree = "<group>"; };
		F20D43C829560A9200FBDDF3 /* HomeProtocol.swift */ = {isa = PBXFileReference; lastKnownFileType = sourcecode.swift; path = HomeProtocol.swift; sourceTree = "<group>"; };
		F20D43C929560A9200FBDDF3 /* HomeVC.swift */ = {isa = PBXFileReference; lastKnownFileType = sourcecode.swift; path = HomeVC.swift; sourceTree = "<group>"; };
		F2B7478D29561E1D000F5DB5 /* UIView.swift */ = {isa = PBXFileReference; lastKnownFileType = sourcecode.swift; path = UIView.swift; sourceTree = "<group>"; };
		F2B7479129562804000F5DB5 /* RegisterPresenter.swift */ = {isa = PBXFileReference; lastKnownFileType = sourcecode.swift; path = RegisterPresenter.swift; sourceTree = "<group>"; };
		F2B7479229562804000F5DB5 /* RegisterRouter.swift */ = {isa = PBXFileReference; lastKnownFileType = sourcecode.swift; path = RegisterRouter.swift; sourceTree = "<group>"; };
		F2B7479329562804000F5DB5 /* RegisterInteractor.swift */ = {isa = PBXFileReference; lastKnownFileType = sourcecode.swift; path = RegisterInteractor.swift; sourceTree = "<group>"; };
		F2B7479429562804000F5DB5 /* RegisterProtocol.swift */ = {isa = PBXFileReference; lastKnownFileType = sourcecode.swift; path = RegisterProtocol.swift; sourceTree = "<group>"; };
		F2B7479529562804000F5DB5 /* RegisterVC.swift */ = {isa = PBXFileReference; lastKnownFileType = sourcecode.swift; path = RegisterVC.swift; sourceTree = "<group>"; };
		F2B7479C29562980000F5DB5 /* RegisterEntity.swift */ = {isa = PBXFileReference; lastKnownFileType = sourcecode.swift; path = RegisterEntity.swift; sourceTree = "<group>"; };
		F2B7479F29562BEA000F5DB5 /* Constants.swift */ = {isa = PBXFileReference; lastKnownFileType = sourcecode.swift; path = Constants.swift; sourceTree = "<group>"; };
		F2B747A229562E27000F5DB5 /* BaseController.swift */ = {isa = PBXFileReference; lastKnownFileType = sourcecode.swift; path = BaseController.swift; sourceTree = "<group>"; };
		F2B747A529562E64000F5DB5 /* ProgressViewCustom.swift */ = {isa = PBXFileReference; fileEncoding = 4; lastKnownFileType = sourcecode.swift; path = ProgressViewCustom.swift; sourceTree = "<group>"; };
/* End PBXFileReference section */

/* Begin PBXFrameworksBuildPhase section */
		F20D43A829560A4C00FBDDF3 /* Frameworks */ = {
			isa = PBXFrameworksBuildPhase;
			buildActionMask = 2147483647;
			files = (
				243C5F7B3C74CAA5A9EAB2A1 /* Pods_TestUPAX.framework in Frameworks */,
			);
			runOnlyForDeploymentPostprocessing = 0;
		};
/* End PBXFrameworksBuildPhase section */

/* Begin PBXGroup section */
		DF39E554E2E1BE852E3D697B /* Frameworks */ = {
			isa = PBXGroup;
			children = (
				1A7A0630038F7F84A4083493 /* Pods_TestUPAX.framework */,
			);
			name = Frameworks;
			sourceTree = "<group>";
		};
		F20D43A229560A4C00FBDDF3 = {
			isa = PBXGroup;
			children = (
				F20D43AD29560A4C00FBDDF3 /* TestUPAX */,
				F20D43AC29560A4C00FBDDF3 /* Products */,
				FC7F1BAB60A5516E24EFEFF0 /* Pods */,
				DF39E554E2E1BE852E3D697B /* Frameworks */,
			);
			sourceTree = "<group>";
		};
		F20D43AC29560A4C00FBDDF3 /* Products */ = {
			isa = PBXGroup;
			children = (
				F20D43AB29560A4C00FBDDF3 /* TestUPAX.app */,
			);
			name = Products;
			sourceTree = "<group>";
		};
		F20D43AD29560A4C00FBDDF3 /* TestUPAX */ = {
			isa = PBXGroup;
			children = (
				F20D43AE29560A4C00FBDDF3 /* AppDelegate.swift */,
				F2B747A429562E52000F5DB5 /* Commons */,
				F2B747A129562E17000F5DB5 /* Base */,
				F2B7479E29562BD9000F5DB5 /* Constants */,
				F2B7478C29561DF1000F5DB5 /* Extensions */,
				F20D43C229560A7400FBDDF3 /* Features */,
				F20D43B729560A4E00FBDDF3 /* Assets.xcassets */,
				F20D43B929560A4E00FBDDF3 /* LaunchScreen.storyboard */,
				F20D43BC29560A4E00FBDDF3 /* Info.plist */,
			);
			path = TestUPAX;
			sourceTree = "<group>";
		};
		F20D43C229560A7400FBDDF3 /* Features */ = {
			isa = PBXGroup;
			children = (
				F2B7478F295627E7000F5DB5 /* Register */,
				F20D43C329560A7D00FBDDF3 /* Home */,
			);
			path = Features;
			sourceTree = "<group>";
		};
		F20D43C329560A7D00FBDDF3 /* Home */ = {
			isa = PBXGroup;
			children = (
				F20D43C529560A9200FBDDF3 /* HomePresenter.swift */,
				F20D43C629560A9200FBDDF3 /* HomeRouter.swift */,
				F20D43C729560A9200FBDDF3 /* HomeInteractor.swift */,
				F20D43C829560A9200FBDDF3 /* HomeProtocol.swift */,
				F20D43C929560A9200FBDDF3 /* HomeVC.swift */,
			);
			path = Home;
			sourceTree = "<group>";
		};
		F2B7478C29561DF1000F5DB5 /* Extensions */ = {
			isa = PBXGroup;
			children = (
				F2B7478D29561E1D000F5DB5 /* UIView.swift */,
			);
			path = Extensions;
			sourceTree = "<group>";
		};
		F2B7478F295627E7000F5DB5 /* Register */ = {
			isa = PBXGroup;
			children = (
				F2B7479129562804000F5DB5 /* RegisterPresenter.swift */,
				F2B7479C29562980000F5DB5 /* RegisterEntity.swift */,
				F2B7479229562804000F5DB5 /* RegisterRouter.swift */,
				F2B7479329562804000F5DB5 /* RegisterInteractor.swift */,
				F2B7479429562804000F5DB5 /* RegisterProtocol.swift */,
				F2B7479529562804000F5DB5 /* RegisterVC.swift */,
			);
			path = Register;
			sourceTree = "<group>";
		};
		F2B7479E29562BD9000F5DB5 /* Constants */ = {
			isa = PBXGroup;
			children = (
				F2B7479F29562BEA000F5DB5 /* Constants.swift */,
			);
			path = Constants;
			sourceTree = "<group>";
		};
		F2B747A129562E17000F5DB5 /* Base */ = {
			isa = PBXGroup;
			children = (
				F2B747A229562E27000F5DB5 /* BaseController.swift */,
			);
			path = Base;
			sourceTree = "<group>";
		};
		F2B747A429562E52000F5DB5 /* Commons */ = {
			isa = PBXGroup;
			children = (
				F2B747A529562E64000F5DB5 /* ProgressViewCustom.swift */,
			);
			path = Commons;
			sourceTree = "<group>";
		};
		FC7F1BAB60A5516E24EFEFF0 /* Pods */ = {
			isa = PBXGroup;
			children = (
				25C36D0036FAC7550BF8879D /* Pods-TestUPAX.debug.xcconfig */,
				EF13B413E1DCE3502ECA0C34 /* Pods-TestUPAX.release.xcconfig */,
			);
			path = Pods;
			sourceTree = "<group>";
		};
/* End PBXGroup section */

/* Begin PBXNativeTarget section */
		F20D43AA29560A4C00FBDDF3 /* TestUPAX */ = {
			isa = PBXNativeTarget;
			buildConfigurationList = F20D43BF29560A4E00FBDDF3 /* Build configuration list for PBXNativeTarget "TestUPAX" */;
			buildPhases = (
				B4CC622A472869E89330C861 /* [CP] Check Pods Manifest.lock */,
				F20D43A729560A4C00FBDDF3 /* Sources */,
				F20D43A829560A4C00FBDDF3 /* Frameworks */,
				F20D43A929560A4C00FBDDF3 /* Resources */,
				324CFC67D8AE20EB61FF2DB4 /* [CP] Embed Pods Frameworks */,
			);
			buildRules = (
			);
			dependencies = (
			);
			name = TestUPAX;
			productName = TestUPAX;
			productReference = F20D43AB29560A4C00FBDDF3 /* TestUPAX.app */;
			productType = "com.apple.product-type.application";
		};
/* End PBXNativeTarget section */

/* Begin PBXProject section */
		F20D43A329560A4C00FBDDF3 /* Project object */ = {
			isa = PBXProject;
			attributes = {
				BuildIndependentTargetsInParallel = 1;
				LastSwiftUpdateCheck = 1420;
				LastUpgradeCheck = 1420;
				TargetAttributes = {
					F20D43AA29560A4C00FBDDF3 = {
						CreatedOnToolsVersion = 14.2;
					};
				};
			};
			buildConfigurationList = F20D43A629560A4C00FBDDF3 /* Build configuration list for PBXProject "TestUPAX" */;
			compatibilityVersion = "Xcode 13.0";
			developmentRegion = en;
			hasScannedForEncodings = 0;
			knownRegions = (
				en,
				Base,
			);
			mainGroup = F20D43A229560A4C00FBDDF3;
			productRefGroup = F20D43AC29560A4C00FBDDF3 /* Products */;
			projectDirPath = "";
			projectRoot = "";
			targets = (
				F20D43AA29560A4C00FBDDF3 /* TestUPAX */,
			);
		};
/* End PBXProject section */

/* Begin PBXResourcesBuildPhase section */
		F20D43A929560A4C00FBDDF3 /* Resources */ = {
			isa = PBXResourcesBuildPhase;
			buildActionMask = 2147483647;
			files = (
				F20D43BB29560A4E00FBDDF3 /* LaunchScreen.storyboard in Resources */,
				F20D43B829560A4E00FBDDF3 /* Assets.xcassets in Resources */,
			);
			runOnlyForDeploymentPostprocessing = 0;
		};
/* End PBXResourcesBuildPhase section */

/* Begin PBXShellScriptBuildPhase section */
		324CFC67D8AE20EB61FF2DB4 /* [CP] Embed Pods Frameworks */ = {
			isa = PBXShellScriptBuildPhase;
			buildActionMask = 2147483647;
			files = (
			);
			inputFileListPaths = (
				"${PODS_ROOT}/Target Support Files/Pods-TestUPAX/Pods-TestUPAX-frameworks-${CONFIGURATION}-input-files.xcfilelist",
			);
			name = "[CP] Embed Pods Frameworks";
			outputFileListPaths = (
				"${PODS_ROOT}/Target Support Files/Pods-TestUPAX/Pods-TestUPAX-frameworks-${CONFIGURATION}-output-files.xcfilelist",
			);
			runOnlyForDeploymentPostprocessing = 0;
			shellPath = /bin/sh;
			shellScript = "\"${PODS_ROOT}/Target Support Files/Pods-TestUPAX/Pods-TestUPAX-frameworks.sh\"\n";
			showEnvVarsInLog = 0;
		};
		B4CC622A472869E89330C861 /* [CP] Check Pods Manifest.lock */ = {
			isa = PBXShellScriptBuildPhase;
			buildActionMask = 2147483647;
			files = (
			);
			inputFileListPaths = (
			);
			inputPaths = (
				"${PODS_PODFILE_DIR_PATH}/Podfile.lock",
				"${PODS_ROOT}/Manifest.lock",
			);
			name = "[CP] Check Pods Manifest.lock";
			outputFileListPaths = (
			);
			outputPaths = (
				"$(DERIVED_FILE_DIR)/Pods-TestUPAX-checkManifestLockResult.txt",
			);
			runOnlyForDeploymentPostprocessing = 0;
			shellPath = /bin/sh;
			shellScript = "diff \"${PODS_PODFILE_DIR_PATH}/Podfile.lock\" \"${PODS_ROOT}/Manifest.lock\" > /dev/null\nif [ $? != 0 ] ; then\n    # print error to STDERR\n    echo \"error: The sandbox is not in sync with the Podfile.lock. Run 'pod install' or update your CocoaPods installation.\" >&2\n    exit 1\nfi\n# This output is used by Xcode 'outputs' to avoid re-running this script phase.\necho \"SUCCESS\" > \"${SCRIPT_OUTPUT_FILE_0}\"\n";
			showEnvVarsInLog = 0;
		};
/* End PBXShellScriptBuildPhase section */

/* Begin PBXSourcesBuildPhase section */
		F20D43A729560A4C00FBDDF3 /* Sources */ = {
			isa = PBXSourcesBuildPhase;
			buildActionMask = 2147483647;
			files = (
				F2B747A629562E64000F5DB5 /* ProgressViewCustom.swift in Sources */,
				F2B7479A29562804000F5DB5 /* RegisterProtocol.swift in Sources */,
				F2B7479D29562980000F5DB5 /* RegisterEntity.swift in Sources */,
				F2B7478E29561E1D000F5DB5 /* UIView.swift in Sources */,
				F2B7479829562804000F5DB5 /* RegisterRouter.swift in Sources */,
				F20D43CB29560A9200FBDDF3 /* HomePresenter.swift in Sources */,
				F2B747A029562BEA000F5DB5 /* Constants.swift in Sources */,
				F20D43CF29560A9200FBDDF3 /* HomeVC.swift in Sources */,
				F20D43CC29560A9200FBDDF3 /* HomeRouter.swift in Sources */,
				F2B7479729562804000F5DB5 /* RegisterPresenter.swift in Sources */,
				F20D43CD29560A9200FBDDF3 /* HomeInteractor.swift in Sources */,
				F2B7479929562804000F5DB5 /* RegisterInteractor.swift in Sources */,
				F20D43CE29560A9200FBDDF3 /* HomeProtocol.swift in Sources */,
				F20D43AF29560A4C00FBDDF3 /* AppDelegate.swift in Sources */,
				F2B747A329562E27000F5DB5 /* BaseController.swift in Sources */,
				F2B7479B29562804000F5DB5 /* RegisterVC.swift in Sources */,
			);
			runOnlyForDeploymentPostprocessing = 0;
		};
/* End PBXSourcesBuildPhase section */

/* Begin PBXVariantGroup section */
		F20D43B929560A4E00FBDDF3 /* LaunchScreen.storyboard */ = {
			isa = PBXVariantGroup;
			children = (
				F20D43BA29560A4E00FBDDF3 /* Base */,
			);
			name = LaunchScreen.storyboard;
			sourceTree = "<group>";
		};
/* End PBXVariantGroup section */

/* Begin XCBuildConfiguration section */
		F20D43BD29560A4E00FBDDF3 /* Debug */ = {
			isa = XCBuildConfiguration;
			buildSettings = {
				ALWAYS_SEARCH_USER_PATHS = NO;
				CLANG_ANALYZER_NONNULL = YES;
				CLANG_ANALYZER_NUMBER_OBJECT_CONVERSION = YES_AGGRESSIVE;
				CLANG_CXX_LANGUAGE_STANDARD = "gnu++20";
				CLANG_ENABLE_MODULES = YES;
				CLANG_ENABLE_OBJC_ARC = YES;
				CLANG_ENABLE_OBJC_WEAK = YES;
				CLANG_WARN_BLOCK_CAPTURE_AUTORELEASING = YES;
				CLANG_WARN_BOOL_CONVERSION = YES;
				CLANG_WARN_COMMA = YES;
				CLANG_WARN_CONSTANT_CONVERSION = YES;
				CLANG_WARN_DEPRECATED_OBJC_IMPLEMENTATIONS = YES;
				CLANG_WARN_DIRECT_OBJC_ISA_USAGE = YES_ERROR;
				CLANG_WARN_DOCUMENTATION_COMMENTS = YES;
				CLANG_WARN_EMPTY_BODY = YES;
				CLANG_WARN_ENUM_CONVERSION = YES;
				CLANG_WARN_INFINITE_RECURSION = YES;
				CLANG_WARN_INT_CONVERSION = YES;
				CLANG_WARN_NON_LITERAL_NULL_CONVERSION = YES;
				CLANG_WARN_OBJC_IMPLICIT_RETAIN_SELF = YES;
				CLANG_WARN_OBJC_LITERAL_CONVERSION = YES;
				CLANG_WARN_OBJC_ROOT_CLASS = YES_ERROR;
				CLANG_WARN_QUOTED_INCLUDE_IN_FRAMEWORK_HEADER = YES;
				CLANG_WARN_RANGE_LOOP_ANALYSIS = YES;
				CLANG_WARN_STRICT_PROTOTYPES = YES;
				CLANG_WARN_SUSPICIOUS_MOVE = YES;
				CLANG_WARN_UNGUARDED_AVAILABILITY = YES_AGGRESSIVE;
				CLANG_WARN_UNREACHABLE_CODE = YES;
				CLANG_WARN__DUPLICATE_METHOD_MATCH = YES;
				COPY_PHASE_STRIP = NO;
				DEBUG_INFORMATION_FORMAT = dwarf;
				ENABLE_STRICT_OBJC_MSGSEND = YES;
				ENABLE_TESTABILITY = YES;
				GCC_C_LANGUAGE_STANDARD = gnu11;
				GCC_DYNAMIC_NO_PIC = NO;
				GCC_NO_COMMON_BLOCKS = YES;
				GCC_OPTIMIZATION_LEVEL = 0;
				GCC_PREPROCESSOR_DEFINITIONS = (
					"DEBUG=1",
					"$(inherited)",
				);
				GCC_WARN_64_TO_32_BIT_CONVERSION = YES;
				GCC_WARN_ABOUT_RETURN_TYPE = YES_ERROR;
				GCC_WARN_UNDECLARED_SELECTOR = YES;
				GCC_WARN_UNINITIALIZED_AUTOS = YES_AGGRESSIVE;
				GCC_WARN_UNUSED_FUNCTION = YES;
				GCC_WARN_UNUSED_VARIABLE = YES;
				IPHONEOS_DEPLOYMENT_TARGET = 16.2;
				MTL_ENABLE_DEBUG_INFO = INCLUDE_SOURCE;
				MTL_FAST_MATH = YES;
				ONLY_ACTIVE_ARCH = YES;
				SDKROOT = iphoneos;
				SWIFT_ACTIVE_COMPILATION_CONDITIONS = DEBUG;
				SWIFT_OPTIMIZATION_LEVEL = "-Onone";
			};
			name = Debug;
		};
		F20D43BE29560A4E00FBDDF3 /* Release */ = {
			isa = XCBuildConfiguration;
			buildSettings = {
				ALWAYS_SEARCH_USER_PATHS = NO;
				CLANG_ANALYZER_NONNULL = YES;
				CLANG_ANALYZER_NUMBER_OBJECT_CONVERSION = YES_AGGRESSIVE;
				CLANG_CXX_LANGUAGE_STANDARD = "gnu++20";
				CLANG_ENABLE_MODULES = YES;
				CLANG_ENABLE_OBJC_ARC = YES;
				CLANG_ENABLE_OBJC_WEAK = YES;
				CLANG_WARN_BLOCK_CAPTURE_AUTORELEASING = YES;
				CLANG_WARN_BOOL_CONVERSION = YES;
				CLANG_WARN_COMMA = YES;
				CLANG_WARN_CONSTANT_CONVERSION = YES;
				CLANG_WARN_DEPRECATED_OBJC_IMPLEMENTATIONS = YES;
				CLANG_WARN_DIRECT_OBJC_ISA_USAGE = YES_ERROR;
				CLANG_WARN_DOCUMENTATION_COMMENTS = YES;
				CLANG_WARN_EMPTY_BODY = YES;
				CLANG_WARN_ENUM_CONVERSION = YES;
				CLANG_WARN_INFINITE_RECURSION = YES;
				CLANG_WARN_INT_CONVERSION = YES;
				CLANG_WARN_NON_LITERAL_NULL_CONVERSION = YES;
				CLANG_WARN_OBJC_IMPLICIT_RETAIN_SELF = YES;
				CLANG_WARN_OBJC_LITERAL_CONVERSION = YES;
				CLANG_WARN_OBJC_ROOT_CLASS = YES_ERROR;
				CLANG_WARN_QUOTED_INCLUDE_IN_FRAMEWORK_HEADER = YES;
				CLANG_WARN_RANGE_LOOP_ANALYSIS = YES;
				CLANG_WARN_STRICT_PROTOTYPES = YES;
				CLANG_WARN_SUSPICIOUS_MOVE = YES;
				CLANG_WARN_UNGUARDED_AVAILABILITY = YES_AGGRESSIVE;
				CLANG_WARN_UNREACHABLE_CODE = YES;
				CLANG_WARN__DUPLICATE_METHOD_MATCH = YES;
				COPY_PHASE_STRIP = NO;
				DEBUG_INFORMATION_FORMAT = "dwarf-with-dsym";
				ENABLE_NS_ASSERTIONS = NO;
				ENABLE_STRICT_OBJC_MSGSEND = YES;
				GCC_C_LANGUAGE_STANDARD = gnu11;
				GCC_NO_COMMON_BLOCKS = YES;
				GCC_WARN_64_TO_32_BIT_CONVERSION = YES;
				GCC_WARN_ABOUT_RETURN_TYPE = YES_ERROR;
				GCC_WARN_UNDECLARED_SELECTOR = YES;
				GCC_WARN_UNINITIALIZED_AUTOS = YES_AGGRESSIVE;
				GCC_WARN_UNUSED_FUNCTION = YES;
				GCC_WARN_UNUSED_VARIABLE = YES;
				IPHONEOS_DEPLOYMENT_TARGET = 16.2;
				MTL_ENABLE_DEBUG_INFO = NO;
				MTL_FAST_MATH = YES;
				SDKROOT = iphoneos;
				SWIFT_COMPILATION_MODE = wholemodule;
				SWIFT_OPTIMIZATION_LEVEL = "-O";
				VALIDATE_PRODUCT = YES;
			};
			name = Release;
		};
		F20D43C029560A4E00FBDDF3 /* Debug */ = {
			isa = XCBuildConfiguration;
			baseConfigurationReference = 25C36D0036FAC7550BF8879D /* Pods-TestUPAX.debug.xcconfig */;
			buildSettings = {
				ASSETCATALOG_COMPILER_APPICON_NAME = AppIcon;
				ASSETCATALOG_COMPILER_GLOBAL_ACCENT_COLOR_NAME = AccentColor;
				CODE_SIGN_STYLE = Automatic;
				CURRENT_PROJECT_VERSION = 1;
				DEVELOPMENT_TEAM = MC2W678MVZ;
				GENERATE_INFOPLIST_FILE = YES;
				INFOPLIST_FILE = TestUPAX/Info.plist;
				INFOPLIST_KEY_UIApplicationSupportsIndirectInputEvents = YES;
				INFOPLIST_KEY_UILaunchStoryboardName = LaunchScreen.storyboard;
				INFOPLIST_KEY_UIMainStoryboardFile = "";
				INFOPLIST_KEY_UISupportedInterfaceOrientations = UIInterfaceOrientationPortrait;
				IPHONEOS_DEPLOYMENT_TARGET = 13.0;
				LD_RUNPATH_SEARCH_PATHS = (
					"$(inherited)",
					"@executable_path/Frameworks",
				);
				MARKETING_VERSION = 1.0;
				PRODUCT_BUNDLE_IDENTIFIER = com.nut.TestUPAX;
				PRODUCT_NAME = "$(TARGET_NAME)";
				SWIFT_EMIT_LOC_STRINGS = YES;
				SWIFT_VERSION = 5.0;
				TARGETED_DEVICE_FAMILY = "1,2";
			};
			name = Debug;
		};
		F20D43C129560A4E00FBDDF3 /* Release */ = {
			isa = XCBuildConfiguration;
			baseConfigurationReference = EF13B413E1DCE3502ECA0C34 /* Pods-TestUPAX.release.xcconfig */;
			buildSettings = {
				ASSETCATALOG_COMPILER_APPICON_NAME = AppIcon;
				ASSETCATALOG_COMPILER_GLOBAL_ACCENT_COLOR_NAME = AccentColor;
				CODE_SIGN_STYLE = Automatic;
				CURRENT_PROJECT_VERSION = 1;
				DEVELOPMENT_TEAM = MC2W678MVZ;
				GENERATE_INFOPLIST_FILE = YES;
				INFOPLIST_FILE = TestUPAX/Info.plist;
				INFOPLIST_KEY_UIApplicationSupportsIndirectInputEvents = YES;
				INFOPLIST_KEY_UILaunchStoryboardName = LaunchScreen.storyboard;
				INFOPLIST_KEY_UIMainStoryboardFile = "";
				INFOPLIST_KEY_UISupportedInterfaceOrientations = UIInterfaceOrientationPortrait;
				IPHONEOS_DEPLOYMENT_TARGET = 13.0;
				LD_RUNPATH_SEARCH_PATHS = (
					"$(inherited)",
					"@executable_path/Frameworks",
				);
				MARKETING_VERSION = 1.0;
				PRODUCT_BUNDLE_IDENTIFIER = com.nut.TestUPAX;
				PRODUCT_NAME = "$(TARGET_NAME)";
				SWIFT_EMIT_LOC_STRINGS = YES;
				SWIFT_VERSION = 5.0;
				TARGETED_DEVICE_FAMILY = "1,2";
			};
			name = Release;
		};
/* End XCBuildConfiguration section */

/* Begin XCConfigurationList section */
		F20D43A629560A4C00FBDDF3 /* Build configuration list for PBXProject "TestUPAX" */ = {
			isa = XCConfigurationList;
			buildConfigurations = (
				F20D43BD29560A4E00FBDDF3 /* Debug */,
				F20D43BE29560A4E00FBDDF3 /* Release */,
			);
			defaultConfigurationIsVisible = 0;
			defaultConfigurationName = Release;
		};
		F20D43BF29560A4E00FBDDF3 /* Build configuration list for PBXNativeTarget "TestUPAX" */ = {
			isa = XCConfigurationList;
			buildConfigurations = (
				F20D43C029560A4E00FBDDF3 /* Debug */,
				F20D43C129560A4E00FBDDF3 /* Release */,
			);
			defaultConfigurationIsVisible = 0;
			defaultConfigurationName = Release;
		};
/* End XCConfigurationList section */
	};
	rootObject = F20D43A329560A4C00FBDDF3 /* Project object */;
}
